
Microsoft Visual Studio Solution File, Format Version 12.00
# Visual Studio Version 16
VisualStudioVersion = 16.0.29709.97
MinimumVisualStudioVersion = 10.0.40219.1
Project("{FAE04EC0-301F-11D3-BF4B-00C04F79EFBC}") = "PollWebApi", "PollWebApi\PollWebApi.csproj", "{87BDB204-3712-4679-A0D9-1EAE46BE1323}"
EndProject
Global
	GlobalSection(SolutionConfigurationPlatforms) = preSolution
		Debug|Any CPU = Debug|Any CPU
		Release|Any CPU = Release|Any CPU
	EndGlobalSection
	GlobalSection(ProjectConfigurationPlatforms) = postSolution
		{87BDB204-3712-4679-A0D9-1EAE46BE1323}.Debug|Any CPU.ActiveCfg = Debug|Any CPU
		{87BDB204-3712-4679-A0D9-1EAE46BE1323}.Debug|Any CPU.Build.0 = Debug|Any CPU
		{87BDB204-3712-4679-A0D9-1EAE46BE1323}.Release|Any CPU.ActiveCfg = Release|Any CPU
		{87BDB204-3712-4679-A0D9-1EAE46BE1323}.Release|Any CPU.Build.0 = Release|Any CPU
	EndGlobalSection
	GlobalSection(SolutionProperties) = preSolution
		HideSolutionNode = FALSE
	EndGlobalSection
	GlobalSection(ExtensibilityGlobals) = postSolution
		SolutionGuid = {5A1D98A6-B7D2-4891-9A67-C7CFAB1D43FF}
	EndGlobalSection
EndGlobal
